<?xml version="1.0" encoding="utf-8"?>
<Project ToolsVersion="4.0" xmlns="http://schemas.microsoft.com/developer/msbuild/2003">
  <ItemGroup>
    <Filter Include="Core">
      <UniqueIdentifier>{93995380-89BD-4b04-88EB-625FBE52EBFB}</UniqueIdentifier>
      <Extensions>h;hh;hpp;hxx;hm;inl;inc;xsd</Extensions>
    </Filter>
    <Filter Include="Core\mem">
      <UniqueIdentifier>{56893947-fec2-4f17-aa52-b9c2717206fb}</UniqueIdentifier>
    </Filter>
    <Filter Include="Core\msg">
      <UniqueIdentifier>{2ca01a9e-106a-4b1e-9d31-c719bbcd9e9f}</UniqueIdentifier>
    </Filter>
    <Filter Include="Core\net">
      <UniqueIdentifier>{c51e76ea-df3a-4b6b-80dc-d6419ffd9d18}</UniqueIdentifier>
    </Filter>
    <Filter Include="Core\task">
      <UniqueIdentifier>{daa3c4f2-ab9f-49e4-be4f-7e0482d85d4b}</UniqueIdentifier>
    </Filter>
    <Filter Include="Core\main">
      <UniqueIdentifier>{cc032fa9-be29-446e-901e-d82acd73cbc3}</UniqueIdentifier>
    </Filter>
    <Filter Include="Core\com">
      <UniqueIdentifier>{3452bc2d-8a50-47bb-bac7-43112383d001}</UniqueIdentifier>
    </Filter>
    <Filter Include="Core\db">
      <UniqueIdentifier>{b812654f-e235-4fed-831e-288e27fd6b40}</UniqueIdentifier>
    </Filter>
  </ItemGroup>
  <ItemGroup>
    <ClInclude Include="..\..\..\UtilityEngine\include\mem_buffer.hpp">
      <Filter>Core\mem</Filter>
    </ClInclude>
    <ClInclude Include="..\..\..\UtilityEngine\include\mem_rotative_buffer.hpp">
      <Filter>Core\mem</Filter>
    </ClInclude>
    <ClInclude Include="..\..\..\UtilityEngine\include\msg_controler.hpp">
      <Filter>Core\msg</Filter>
    </ClInclude>
    <ClInclude Include="..\..\..\UtilityEngine\include\msg_defines.hpp">
      <Filter>Core\msg</Filter>
    </ClInclude>
    <ClInclude Include="..\..\..\UtilityEngine\include\msg_handler_manager_deque.hpp">
      <Filter>Core\msg</Filter>
    </ClInclude>
    <ClInclude Include="..\..\..\UtilityEngine\include\msg_handler_manager_map.hpp">
      <Filter>Core\msg</Filter>
    </ClInclude>
    <ClInclude Include="..\..\..\UtilityEngine\include\base_defines.hpp">
      <Filter>Core</Filter>
    </ClInclude>
    <ClInclude Include="..\..\..\UtilityEngine\include\logger.hpp">
      <Filter>Core</Filter>
    </ClInclude>
    <ClInclude Include="..\..\..\UtilityEngine\include\net_defines.hpp">
      <Filter>Core\net</Filter>
    </ClInclude>
    <ClInclude Include="..\..\..\UtilityEngine\include\net_framework.hpp">
      <Filter>Core\net</Filter>
    </ClInclude>
    <ClInclude Include="..\..\..\UtilityEngine\include\net_io_service.hpp">
      <Filter>Core\net</Filter>
    </ClInclude>
    <ClInclude Include="..\..\..\UtilityEngine\include\net_io_service_iocp.hpp">
      <Filter>Core\net</Filter>
    </ClInclude>
    <ClInclude Include="..\..\..\UtilityEngine\include\net_session.hpp">
      <Filter>Core\net</Filter>
    </ClInclude>
    <ClInclude Include="..\..\..\UtilityEngine\include\net_socket.hpp">
      <Filter>Core\net</Filter>
    </ClInclude>
    <ClInclude Include="..\..\..\UtilityEngine\include\task_dispatcher.hpp">
      <Filter>Core\task</Filter>
    </ClInclude>
    <ClInclude Include="..\..\..\UtilityEngine\include\task_dispatcher_balance.hpp">
      <Filter>Core\task</Filter>
    </ClInclude>
    <ClInclude Include="..\..\..\UtilityEngine\include\task_dispatcher_pool.hpp">
      <Filter>Core\task</Filter>
    </ClInclude>
    <ClInclude Include="..\..\..\UtilityEngine\include\task_object.hpp">
      <Filter>Core\task</Filter>
    </ClInclude>
    <ClInclude Include="..\..\..\UtilityEngine\include\net_io_service_epoll.hpp">
      <Filter>Core\net</Filter>
    </ClInclude>
    <ClInclude Include="..\..\..\UtilityEngine\include\mem_message.hpp">
      <Filter>Core\mem</Filter>
    </ClInclude>
    <ClInclude Include="..\..\..\UtilityEngine\include\mem_stream_buffer.hpp">
      <Filter>Core\mem</Filter>
    </ClInclude>
    <ClInclude Include="..\..\..\UtilityEngine\include\mem_stream_node.hpp">
      <Filter>Core\mem</Filter>
    </ClInclude>
    <ClInclude Include="..\..\..\UtilityEngine\include\mem_pool.hpp">
      <Filter>Core\mem</Filter>
    </ClInclude>
    <ClInclude Include="..\..\..\UtilityEngine\include\mem_stream.hpp">
      <Filter>Core\mem</Filter>
    </ClInclude>
    <ClInclude Include="..\..\..\UtilityEngine\include\msg_message.hpp">
      <Filter>Core\msg</Filter>
    </ClInclude>
    <ClInclude Include="..\..\..\UtilityEngine\include\net_responder.hpp">
      <Filter>Core\net</Filter>
    </ClInclude>
    <ClInclude Include="..\..\..\UtilityEngine\include\net_requester.hpp">
      <Filter>Core\net</Filter>
    </ClInclude>
    <ClInclude Include="..\..\..\UtilityEngine\include\application.hpp">
      <Filter>Core\main</Filter>
    </ClInclude>
    <ClInclude Include="..\..\..\UtilityEngine\include\com_service.hpp">
      <Filter>Core\com</Filter>
    </ClInclude>
    <ClInclude Include="..\..\..\UtilityEngine\include\com_service_manager.hpp">
      <Filter>Core\com</Filter>
    </ClInclude>
    <ClInclude Include="..\..\..\UtilityEngine\include\com_singleton.hpp">
      <Filter>Core\com</Filter>
    </ClInclude>
    <ClInclude Include="..\..\..\UtilityEngine\include\com_thread_pool.hpp">
      <Filter>Core\com</Filter>
    </ClInclude>
    <ClInclude Include="..\..\..\UtilityEngine\include\com_less.hpp">
      <Filter>Core\com</Filter>
    </ClInclude>
    <ClInclude Include="..\..\..\UtilityEngine\include\com_typename.hpp">
      <Filter>Core\com</Filter>
    </ClInclude>
    <ClInclude Include="..\..\..\UtilityEngine\include\com_random.hpp">
      <Filter>Core\com</Filter>
    </ClInclude>
    <ClInclude Include="..\..\..\UtilityEngine\include\db_mysqlpp.hpp">
      <Filter>Core\db</Filter>
    </ClInclude>
    <ClInclude Include="..\..\..\UtilityEngine\include\com_numeric_digit.hpp">
      <Filter>Core\com</Filter>
    </ClInclude>
    <ClInclude Include="..\..\..\UtilityEngine\include\com_hex_caster.hpp">
      <Filter>Core\com</Filter>
    </ClInclude>
    <ClInclude Include="..\..\..\UtilityEngine\include\com_md5.hpp">
      <Filter>Core\com</Filter>
    </ClInclude>
    <ClInclude Include="..\..\..\UtilityEngine\include\mem_data_factory.hpp">
      <Filter>Core\mem</Filter>
    </ClInclude>
  </ItemGroup>
  <ItemGroup>
    <None Include="..\..\..\UtilityEngine\include\net_session.inl">
      <Filter>Core\net</Filter>
    </None>
    <None Include="..\..\..\UtilityEngine\include\mem_pool.inl">
      <Filter>Core\mem</Filter>
    </None>
    <None Include="..\..\..\UtilityEngine\include\net_responder.inl">
      <Filter>Core\net</Filter>
    </None>
    <None Include="..\..\..\UtilityEngine\include\net_requester.inl">
      <Filter>Core\net</Filter>
    </None>
    <None Include="..\..\..\UtilityEngine\include\mem_data_factory.inl">
      <Filter>Core\mem</Filter>
    </None>
  </ItemGroup>
  <ItemGroup>
    <ClCompile Include="..\..\..\UtilityEngine\src\logger.cpp">
      <Filter>Core</Filter>
    </ClCompile>
    <ClCompile Include="..\..\..\UtilityEngine\src\mem_rotative_buffer.cpp">
      <Filter>Core\mem</Filter>
    </ClCompile>
    <ClCompile Include="..\..\..\UtilityEngine\src\net_framework.cpp">
      <Filter>Core\net</Filter>
    </ClCompile>
    <ClCompile Include="..\..\..\UtilityEngine\src\net_io_service.cpp">
      <Filter>Core\net</Filter>
    </ClCompile>
    <ClCompile Include="..\..\..\UtilityEngine\src\net_io_service_iocp.cpp">
      <Filter>Core\net</Filter>
    </ClCompile>
    <ClCompile Include="..\..\..\UtilityEngine\src\net_session.cpp">
      <Filter>Core\net</Filter>
    </ClCompile>
    <ClCompile Include="..\..\..\UtilityEngine\src\net_socket.cpp">
      <Filter>Core\net</Filter>
    </ClCompile>
    <ClCompile Include="..\..\..\UtilityEngine\src\task_dispatcher_balance.cpp">
      <Filter>Core\task</Filter>
    </ClCompile>
    <ClCompile Include="..\..\..\UtilityEngine\src\task_dispatcher_pool.cpp">
      <Filter>Core\task</Filter>
    </ClCompile>
    <ClCompile Include="..\..\..\UtilityEngine\src\task_object.cpp">
      <Filter>Core\task</Filter>
    </ClCompile>
    <ClCompile Include="..\..\..\UtilityEngine\src\net_io_service_epoll.cpp">
      <Filter>Core\net</Filter>
    </ClCompile>
    <ClCompile Include="..\..\..\UtilityEngine\src\mem_stream_buffer.cpp">
      <Filter>Core\mem</Filter>
    </ClCompile>
    <ClCompile Include="..\..\..\UtilityEngine\src\application.cpp">
      <Filter>Core\main</Filter>
    </ClCompile>
    <ClCompile Include="..\..\..\UtilityEngine\src\com_md5.cpp">
      <Filter>Core\com</Filter>
    </ClCompile>
  </ItemGroup>
</Project>