
Microsoft Visual Studio Solution File, Format Version 12.00
# Visual Studio Version 16
VisualStudioVersion = 16.0.29215.179
MinimumVisualStudioVersion = 10.0.40219.1
Project("{8BC9CEB8-8B4A-11D0-8D11-00A0C91BC942}") = "UtilityEngine", "UtilityEngine\UtilityEngine.vcxproj", "{BEAECF8A-747B-41E4-A214-2D462F1DB283}"
EndProject
Project("{8BC9CEB8-8B4A-11D0-8D11-00A0C91BC942}") = "ServerTest", "ServerTest\ServerTest.vcxproj", "{C50872DF-553A-4766-AD0A-466F771D88C1}"
	ProjectSection(ProjectDependencies) = postProject
		{BEAECF8A-747B-41E4-A214-2D462F1DB283} = {BEAECF8A-747B-41E4-A214-2D462F1DB283}
	EndProjectSection
EndProject
Project("{8BC9CEB8-8B4A-11D0-8D11-00A0C91BC942}") = "ClientTest", "ClientTest\ClientTest.vcxproj", "{22A60828-A2BE-460A-80DC-406FD4A416A6}"
	ProjectSection(ProjectDependencies) = postProject
		{BEAECF8A-747B-41E4-A214-2D462F1DB283} = {BEAECF8A-747B-41E4-A214-2D462F1DB283}
	EndProjectSection
EndProject
Project("{8BC9CEB8-8B4A-11D0-8D11-00A0C91BC942}") = "Test", "Test\Test.vcxproj", "{D446B2AB-5BA9-45DB-BD02-76D1870825DC}"
	ProjectSection(ProjectDependencies) = postProject
		{BEAECF8A-747B-41E4-A214-2D462F1DB283} = {BEAECF8A-747B-41E4-A214-2D462F1DB283}
		{C6D1C1D8-1270-49D2-823E-6BC25528B3F1} = {C6D1C1D8-1270-49D2-823E-6BC25528B3F1}
	EndProjectSection
EndProject
Project("{8BC9CEB8-8B4A-11D0-8D11-00A0C91BC942}") = "UtilityMysql", "UtilityMysql\UtilityMysql.vcxproj", "{C6D1C1D8-1270-49D2-823E-6BC25528B3F1}"
EndProject
Global
	GlobalSection(SolutionConfigurationPlatforms) = preSolution
		Debug|Win32 = Debug|Win32
		Debug|x64 = Debug|x64
		Release|Win32 = Release|Win32
		Release|x64 = Release|x64
	EndGlobalSection
	GlobalSection(ProjectConfigurationPlatforms) = postSolution
		{BEAECF8A-747B-41E4-A214-2D462F1DB283}.Debug|Win32.ActiveCfg = Debug|Win32
		{BEAECF8A-747B-41E4-A214-2D462F1DB283}.Debug|Win32.Build.0 = Debug|Win32
		{BEAECF8A-747B-41E4-A214-2D462F1DB283}.Debug|x64.ActiveCfg = Debug|Win32
		{BEAECF8A-747B-41E4-A214-2D462F1DB283}.Release|Win32.ActiveCfg = Release|Win32
		{BEAECF8A-747B-41E4-A214-2D462F1DB283}.Release|Win32.Build.0 = Release|Win32
		{BEAECF8A-747B-41E4-A214-2D462F1DB283}.Release|x64.ActiveCfg = Release|Win32
		{C50872DF-553A-4766-AD0A-466F771D88C1}.Debug|Win32.ActiveCfg = Debug|Win32
		{C50872DF-553A-4766-AD0A-466F771D88C1}.Debug|Win32.Build.0 = Debug|Win32
		{C50872DF-553A-4766-AD0A-466F771D88C1}.Debug|x64.ActiveCfg = Debug|Win32
		{C50872DF-553A-4766-AD0A-466F771D88C1}.Release|Win32.ActiveCfg = Release|Win32
		{C50872DF-553A-4766-AD0A-466F771D88C1}.Release|Win32.Build.0 = Release|Win32
		{C50872DF-553A-4766-AD0A-466F771D88C1}.Release|x64.ActiveCfg = Release|Win32
		{22A60828-A2BE-460A-80DC-406FD4A416A6}.Debug|Win32.ActiveCfg = Debug|Win32
		{22A60828-A2BE-460A-80DC-406FD4A416A6}.Debug|Win32.Build.0 = Debug|Win32
		{22A60828-A2BE-460A-80DC-406FD4A416A6}.Debug|x64.ActiveCfg = Debug|Win32
		{22A60828-A2BE-460A-80DC-406FD4A416A6}.Release|Win32.ActiveCfg = Release|Win32
		{22A60828-A2BE-460A-80DC-406FD4A416A6}.Release|Win32.Build.0 = Release|Win32
		{22A60828-A2BE-460A-80DC-406FD4A416A6}.Release|x64.ActiveCfg = Release|Win32
		{D446B2AB-5BA9-45DB-BD02-76D1870825DC}.Debug|Win32.ActiveCfg = Debug|Win32
		{D446B2AB-5BA9-45DB-BD02-76D1870825DC}.Debug|Win32.Build.0 = Debug|Win32
		{D446B2AB-5BA9-45DB-BD02-76D1870825DC}.Debug|x64.ActiveCfg = Debug|x64
		{D446B2AB-5BA9-45DB-BD02-76D1870825DC}.Debug|x64.Build.0 = Debug|x64
		{D446B2AB-5BA9-45DB-BD02-76D1870825DC}.Release|Win32.ActiveCfg = Release|Win32
		{D446B2AB-5BA9-45DB-BD02-76D1870825DC}.Release|Win32.Build.0 = Release|Win32
		{D446B2AB-5BA9-45DB-BD02-76D1870825DC}.Release|x64.ActiveCfg = Release|x64
		{D446B2AB-5BA9-45DB-BD02-76D1870825DC}.Release|x64.Build.0 = Release|x64
		{C6D1C1D8-1270-49D2-823E-6BC25528B3F1}.Debug|Win32.ActiveCfg = Debug|Win32
		{C6D1C1D8-1270-49D2-823E-6BC25528B3F1}.Debug|Win32.Build.0 = Debug|Win32
		{C6D1C1D8-1270-49D2-823E-6BC25528B3F1}.Debug|x64.ActiveCfg = Debug|x64
		{C6D1C1D8-1270-49D2-823E-6BC25528B3F1}.Debug|x64.Build.0 = Debug|x64
		{C6D1C1D8-1270-49D2-823E-6BC25528B3F1}.Release|Win32.ActiveCfg = Release|Win32
		{C6D1C1D8-1270-49D2-823E-6BC25528B3F1}.Release|Win32.Build.0 = Release|Win32
		{C6D1C1D8-1270-49D2-823E-6BC25528B3F1}.Release|x64.ActiveCfg = Release|x64
		{C6D1C1D8-1270-49D2-823E-6BC25528B3F1}.Release|x64.Build.0 = Release|x64
	EndGlobalSection
	GlobalSection(SolutionProperties) = preSolution
		HideSolutionNode = FALSE
	EndGlobalSection
	GlobalSection(ExtensibilityGlobals) = postSolution
		SolutionGuid = {6BD5C80D-B73C-4DE3-8347-D08DF5918CFA}
	EndGlobalSection
EndGlobal
